
Microsoft Visual Studio Solution File, Format Version 12.00
# Visual Studio Version 17
VisualStudioVersion = 17.9.34616.47
MinimumVisualStudioVersion = 10.0.40219.1
Project("{2150E333-8FDC-42A3-9474-1A3956D46DE8}") = "Core", "Core", "{F7E2ED91-1D64-433F-86A5-0BA94B739366}"
EndProject
Project("{2150E333-8FDC-42A3-9474-1A3956D46DE8}") = "Infrastructure", "Infrastructure", "{36C91368-0910-4E93-8BB6-376A5372959A}"
EndProject
Project("{2150E333-8FDC-42A3-9474-1A3956D46DE8}") = "Presentation", "Presentation", "{CBDB7129-51AE-4BC4-BC93-7B743247C986}"
EndProject
Project("{FAE04EC0-301F-11D3-BF4B-00C04F79EFBC}") = "YoutubeApi.Application", "Core\YoutubeApi.Application\YoutubeApi.Application.csproj", "{49DBBDF5-A717-4E8C-80E8-17C40BE0F617}"
EndProject
Project("{FAE04EC0-301F-11D3-BF4B-00C04F79EFBC}") = "YoutubeApi.Domain", "Core\YoutubeApi.Domain\YoutubeApi.Domain.csproj", "{BEE797BC-1071-4548-AFEC-9EA5C8136B8D}"
EndProject
Project("{FAE04EC0-301F-11D3-BF4B-00C04F79EFBC}") = "YoutubeApi.Infrastructure", "Infrastructure\YoutubeApi.Infrastructure\YoutubeApi.Infrastructure.csproj", "{FD642BE5-260B-4823-AF0D-0D92D216C5D8}"
EndProject
Project("{FAE04EC0-301F-11D3-BF4B-00C04F79EFBC}") = "YoutubeApi.Persistence", "Infrastructure\YoutubeApi.Persistence\YoutubeApi.Persistence.csproj", "{B88AFD6A-4FD1-464E-A0AA-CEF409D24689}"
EndProject
Project("{FAE04EC0-301F-11D3-BF4B-00C04F79EFBC}") = "YoutubeApi.Api", "Presentation\YoutubeApi.Api\YoutubeApi.Api.csproj", "{12737D37-5E4B-4511-A794-DF61FE46CE19}"
EndProject
Global
	GlobalSection(SolutionConfigurationPlatforms) = preSolution
		Debug|Any CPU = Debug|Any CPU
		Release|Any CPU = Release|Any CPU
	EndGlobalSection
	GlobalSection(ProjectConfigurationPlatforms) = postSolution
		{49DBBDF5-A717-4E8C-80E8-17C40BE0F617}.Debug|Any CPU.ActiveCfg = Debug|Any CPU
		{49DBBDF5-A717-4E8C-80E8-17C40BE0F617}.Debug|Any CPU.Build.0 = Debug|Any CPU
		{49DBBDF5-A717-4E8C-80E8-17C40BE0F617}.Release|Any CPU.ActiveCfg = Release|Any CPU
		{49DBBDF5-A717-4E8C-80E8-17C40BE0F617}.Release|Any CPU.Build.0 = Release|Any CPU
		{BEE797BC-1071-4548-AFEC-9EA5C8136B8D}.Debug|Any CPU.ActiveCfg = Debug|Any CPU
		{BEE797BC-1071-4548-AFEC-9EA5C8136B8D}.Debug|Any CPU.Build.0 = Debug|Any CPU
		{BEE797BC-1071-4548-AFEC-9EA5C8136B8D}.Release|Any CPU.ActiveCfg = Release|Any CPU
		{BEE797BC-1071-4548-AFEC-9EA5C8136B8D}.Release|Any CPU.Build.0 = Release|Any CPU
		{FD642BE5-260B-4823-AF0D-0D92D216C5D8}.Debug|Any CPU.ActiveCfg = Debug|Any CPU
		{FD642BE5-260B-4823-AF0D-0D92D216C5D8}.Debug|Any CPU.Build.0 = Debug|Any CPU
		{FD642BE5-260B-4823-AF0D-0D92D216C5D8}.Release|Any CPU.ActiveCfg = Release|Any CPU
		{FD642BE5-260B-4823-AF0D-0D92D216C5D8}.Release|Any CPU.Build.0 = Release|Any CPU
		{B88AFD6A-4FD1-464E-A0AA-CEF409D24689}.Debug|Any CPU.ActiveCfg = Debug|Any CPU
		{B88AFD6A-4FD1-464E-A0AA-CEF409D24689}.Debug|Any CPU.Build.0 = Debug|Any CPU
		{B88AFD6A-4FD1-464E-A0AA-CEF409D24689}.Release|Any CPU.ActiveCfg = Release|Any CPU
		{B88AFD6A-4FD1-464E-A0AA-CEF409D24689}.Release|Any CPU.Build.0 = Release|Any CPU
		{12737D37-5E4B-4511-A794-DF61FE46CE19}.Debug|Any CPU.ActiveCfg = Debug|Any CPU
		{12737D37-5E4B-4511-A794-DF61FE46CE19}.Debug|Any CPU.Build.0 = Debug|Any CPU
		{12737D37-5E4B-4511-A794-DF61FE46CE19}.Release|Any CPU.ActiveCfg = Release|Any CPU
		{12737D37-5E4B-4511-A794-DF61FE46CE19}.Release|Any CPU.Build.0 = Release|Any CPU
	EndGlobalSection
	GlobalSection(SolutionProperties) = preSolution
		HideSolutionNode = FALSE
	EndGlobalSection
	GlobalSection(NestedProjects) = preSolution
		{49DBBDF5-A717-4E8C-80E8-17C40BE0F617} = {F7E2ED91-1D64-433F-86A5-0BA94B739366}
		{BEE797BC-1071-4548-AFEC-9EA5C8136B8D} = {F7E2ED91-1D64-433F-86A5-0BA94B739366}
		{FD642BE5-260B-4823-AF0D-0D92D216C5D8} = {36C91368-0910-4E93-8BB6-376A5372959A}
		{B88AFD6A-4FD1-464E-A0AA-CEF409D24689} = {36C91368-0910-4E93-8BB6-376A5372959A}
		{12737D37-5E4B-4511-A794-DF61FE46CE19} = {CBDB7129-51AE-4BC4-BC93-7B743247C986}
	EndGlobalSection
	GlobalSection(ExtensibilityGlobals) = postSolution
		SolutionGuid = {95027B7F-A781-4C4F-9CA3-27F5BEFB7944}
	EndGlobalSection
EndGlobal
